# @generated by Move, please check-in and do not edit manually.

[move]
version = 3
manifest_digest = "49509A9C6907C32245DE4AA5C6B058850C6DB794953A4B91A6FF2A260672749D"
deps_digest = "F8BBB0CCB2491CA29A3DF03D6F92277A4F3574266507ACD77214D37ECA3F3082"
dependencies = [
  { id = "Sui", name = "Sui" },
]

[[move.package]]
id = "MoveStdlib"
source = { git = "https://github.com/MystenLabs/sui.git", rev = "framework/testnet", subdir = "crates/sui-framework/packages/move-stdlib" }

[[move.package]]
id = "Sui"
source = { git = "https://github.com/MystenLabs/sui.git", rev = "framework/testnet", subdir = "crates/sui-framework/packages/sui-framework" }

dependencies = [
  { id = "MoveStdlib", name = "MoveStdlib" },
]

[move.toolchain-version]
compiler-version = "1.61.0"
edition = "2024.beta"
flavor = "sui"

[env]

[env.testnet]
chain-id = "4c78adac"
original-published-id = "0x2e5f7fdf6822e5671a641adb434c70950100cf1942b9b7ae2887e51536e1095e"
latest-published-id = "0x2e5f7fdf6822e5671a641adb434c70950100cf1942b9b7ae2887e51536e1095e"
published-version = "1"
